
Microsoft Visual Studio Solution File, Format Version 12.00
# Visual Studio Version 17
VisualStudioVersion = 17.2.32616.157
MinimumVisualStudioVersion = 10.0.40219.1
Project("{8BC9CEB8-8B4A-11D0-8D11-00A0C91BC942}") = "Bramble", "Bramble.vcxproj", "{74166B2D-F4B6-4A9A-B1D6-BF610E8F8C41}"
EndProject
Global
	GlobalSection(SolutionConfigurationPlatforms) = preSolution
		Debug|x64 = Debug|x64
		Debug|x86 = Debug|x86
		Release|x64 = Release|x64
		Release|x86 = Release|x86
	EndGlobalSection
	GlobalSection(ProjectConfigurationPlatforms) = postSolution
		{74166B2D-F4B6-4A9A-B1D6-BF610E8F8C41}.Debug|x64.ActiveCfg = Debug|x64
		{74166B2D-F4B6-4A9A-B1D6-BF610E8F8C41}.Debug|x64.Build.0 = Debug|x64
		{74166B2D-F4B6-4A9A-B1D6-BF610E8F8C41}.Debug|x86.ActiveCfg = Debug|Win32
		{74166B2D-F4B6-4A9A-B1D6-BF610E8F8C41}.Debug|x86.Build.0 = Debug|Win32
		{74166B2D-F4B6-4A9A-B1D6-BF610E8F8C41}.Release|x64.ActiveCfg = Release|x64
		{74166B2D-F4B6-4A9A-B1D6-BF610E8F8C41}.Release|x64.Build.0 = Release|x64
		{74166B2D-F4B6-4A9A-B1D6-BF610E8F8C41}.Release|x86.ActiveCfg = Release|Win32
		{74166B2D-F4B6-4A9A-B1D6-BF610E8F8C41}.Release|x86.Build.0 = Release|Win32
	EndGlobalSection
	GlobalSection(SolutionProperties) = preSolution
		HideSolutionNode = FALSE
	EndGlobalSection
	GlobalSection(ExtensibilityGlobals) = postSolution
		SolutionGuid = {A41179E9-62CD-4D13-BF9E-2026F3B1D981}
	EndGlobalSection
EndGlobal
